
Microsoft Visual Studio Solution File, Format Version 12.00
# Visual Studio Version 17
VisualStudioVersion = 17.11.35312.102
MinimumVisualStudioVersion = 10.0.40219.1
Project("{FAE04EC0-301F-11D3-BF4B-00C04F79EFBC}") = "EjerciciosTema2", "EjerciciosTema2\EjerciciosTema2.csproj", "{3C9E4D38-14E2-41C4-AC9B-3F169A97A7F0}"
EndProject
Global
	GlobalSection(SolutionConfigurationPlatforms) = preSolution
		Debug|Any CPU = Debug|Any CPU
		Release|Any CPU = Release|Any CPU
	EndGlobalSection
	GlobalSection(ProjectConfigurationPlatforms) = postSolution
		{3C9E4D38-14E2-41C4-AC9B-3F169A97A7F0}.Debug|Any CPU.ActiveCfg = Debug|Any CPU
		{3C9E4D38-14E2-41C4-AC9B-3F169A97A7F0}.Debug|Any CPU.Build.0 = Debug|Any CPU
		{3C9E4D38-14E2-41C4-AC9B-3F169A97A7F0}.Release|Any CPU.ActiveCfg = Release|Any CPU
		{3C9E4D38-14E2-41C4-AC9B-3F169A97A7F0}.Release|Any CPU.Build.0 = Release|Any CPU
	EndGlobalSection
	GlobalSection(SolutionProperties) = preSolution
		HideSolutionNode = FALSE
	EndGlobalSection
	GlobalSection(ExtensibilityGlobals) = postSolution
		SolutionGuid = {25F535FD-31DD-4408-BE50-D9D1B229AA7A}
	EndGlobalSection
EndGlobal
